
Microsoft Visual Studio Solution File, Format Version 12.00
# Visual Studio Version 17
VisualStudioVersion = 17.8.34408.163
MinimumVisualStudioVersion = 10.0.40219.1
Project("{8BC9CEB8-8B4A-11D0-8D11-00A0C91BC942}") = "C++ Masking", "C++ Masking\C++ Masking.vcxproj", "{FAC4DD81-2F31-4E06-A113-C6F14248B726}"
EndProject
Global
	GlobalSection(SolutionConfigurationPlatforms) = preSolution
		Debug|x64 = Debug|x64
		Debug|x86 = Debug|x86
		Release|x64 = Release|x64
		Release|x86 = Release|x86
	EndGlobalSection
	GlobalSection(ProjectConfigurationPlatforms) = postSolution
		{FAC4DD81-2F31-4E06-A113-C6F14248B726}.Debug|x64.ActiveCfg = Debug|x64
		{FAC4DD81-2F31-4E06-A113-C6F14248B726}.Debug|x64.Build.0 = Debug|x64
		{FAC4DD81-2F31-4E06-A113-C6F14248B726}.Debug|x86.ActiveCfg = Debug|Win32
		{FAC4DD81-2F31-4E06-A113-C6F14248B726}.Debug|x86.Build.0 = Debug|Win32
		{FAC4DD81-2F31-4E06-A113-C6F14248B726}.Release|x64.ActiveCfg = Release|x64
		{FAC4DD81-2F31-4E06-A113-C6F14248B726}.Release|x64.Build.0 = Release|x64
		{FAC4DD81-2F31-4E06-A113-C6F14248B726}.Release|x86.ActiveCfg = Release|Win32
		{FAC4DD81-2F31-4E06-A113-C6F14248B726}.Release|x86.Build.0 = Release|Win32
	EndGlobalSection
	GlobalSection(SolutionProperties) = preSolution
		HideSolutionNode = FALSE
	EndGlobalSection
	GlobalSection(ExtensibilityGlobals) = postSolution
		SolutionGuid = {3303A131-28F1-4079-9B6B-F1363AAFD05B}
	EndGlobalSection
EndGlobal
